// !$*UTF8*$!
{
	archiveVersion = 1;
	classes = {
	};
	objectVersion = 48;
	objects = {

/* Begin PBXBuildFile section */
		2802699220EE9E8A00471B19 /* Channel.swift in Sources */ = {isa = PBXBuildFile; fileRef = 2802699120EE9E8A00471B19 /* Channel.swift */; };
		281C52F320ED5C0E00179ECA /* HomeController.swift in Sources */ = {isa = PBXBuildFile; fileRef = 281C52F220ED5C0E00179ECA /* HomeController.swift */; };
		281C52F520ED634800179ECA /* Constants.swift in Sources */ = {isa = PBXBuildFile; fileRef = 281C52F420ED634800179ECA /* Constants.swift */; };
		281C52FA20ED7E2800179ECA /* FavoritesController.swift in Sources */ = {isa = PBXBuildFile; fileRef = 281C52F920ED7E2800179ECA /* FavoritesController.swift */; };
		283E3E2A20FA544E00AA1C70 /* ContentDetail.swift in Sources */ = {isa = PBXBuildFile; fileRef = 283E3E2920FA544E00AA1C70 /* ContentDetail.swift */; };
		2857D9E920FA004100CFE10D /* ResourceId.swift in Sources */ = {isa = PBXBuildFile; fileRef = 2857D9E820FA004100CFE10D /* ResourceId.swift */; };
		2857D9EC20FA02BD00CFE10D /* GetChannelActivityResponse.swift in Sources */ = {isa = PBXBuildFile; fileRef = 2857D9EB20FA02BD00CFE10D /* GetChannelActivityResponse.swift */; };
		2857D9EE20FA032A00CFE10D /* ChannelActivityItem.swift in Sources */ = {isa = PBXBuildFile; fileRef = 2857D9ED20FA032A00CFE10D /* ChannelActivityItem.swift */; };
		2857D9F020FA037D00CFE10D /* ChannelActivity.swift in Sources */ = {isa = PBXBuildFile; fileRef = 2857D9EF20FA037D00CFE10D /* ChannelActivity.swift */; };
		28C110A020EC0E3B008BDD17 /* AppDelegate.swift in Sources */ = {isa = PBXBuildFile; fileRef = 28C1109F20EC0E3B008BDD17 /* AppDelegate.swift */; };
		28C110A220EC0E3B008BDD17 /* LoginController.swift in Sources */ = {isa = PBXBuildFile; fileRef = 28C110A120EC0E3B008BDD17 /* LoginController.swift */; };
		28C110A520EC0E3B008BDD17 /* Main.storyboard in Resources */ = {isa = PBXBuildFile; fileRef = 28C110A320EC0E3B008BDD17 /* Main.storyboard */; };
		28C110A720EC0E3B008BDD17 /* Assets.xcassets in Resources */ = {isa = PBXBuildFile; fileRef = 28C110A620EC0E3B008BDD17 /* Assets.xcassets */; };
		28C110AA20EC0E3B008BDD17 /* LaunchScreen.storyboard in Resources */ = {isa = PBXBuildFile; fileRef = 28C110A820EC0E3B008BDD17 /* LaunchScreen.storyboard */; };
		28D3827C20EE9F55005425B5 /* GetChannelResponse.swift in Sources */ = {isa = PBXBuildFile; fileRef = 28D3827B20EE9F55005425B5 /* GetChannelResponse.swift */; };
		28D3827E20EE9F94005425B5 /* Item.swift in Sources */ = {isa = PBXBuildFile; fileRef = 28D3827D20EE9F94005425B5 /* Item.swift */; };
		28D3828020EE9FC5005425B5 /* Thumbnail.swift in Sources */ = {isa = PBXBuildFile; fileRef = 28D3827F20EE9FC5005425B5 /* Thumbnail.swift */; };
		28D3828220EEBBAD005425B5 /* ChannelActivitiesController.swift in Sources */ = {isa = PBXBuildFile; fileRef = 28D3828120EEBBAD005425B5 /* ChannelActivitiesController.swift */; };
		28D3828420EEC288005425B5 /* ChannelActivityCell.swift in Sources */ = {isa = PBXBuildFile; fileRef = 28D3828320EEC288005425B5 /* ChannelActivityCell.swift */; };
		28F00EF720EDA8BB00C24B3C /* HomeControllerTableViewCell.swift in Sources */ = {isa = PBXBuildFile; fileRef = 28F00EF620EDA8BB00C24B3C /* HomeControllerTableViewCell.swift */; };
		F2E9EE423BEA9471D6B79721 /* Pods_WhatsNew.framework in Frameworks */ = {isa = PBXBuildFile; fileRef = D78C9AB8F6777C53E6F04C08 /* Pods_WhatsNew.framework */; };
/* End PBXBuildFile section */

/* Begin PBXFileReference section */
		2802699120EE9E8A00471B19 /* Channel.swift */ = {isa = PBXFileReference; lastKnownFileType = sourcecode.swift; path = Channel.swift; sourceTree = "<group>"; };
		281C52F220ED5C0E00179ECA /* HomeController.swift */ = {isa = PBXFileReference; lastKnownFileType = sourcecode.swift; path = HomeController.swift; sourceTree = "<group>"; };
		281C52F420ED634800179ECA /* Constants.swift */ = {isa = PBXFileReference; lastKnownFileType = sourcecode.swift; path = Constants.swift; sourceTree = "<group>"; };
		281C52F920ED7E2800179ECA /* FavoritesController.swift */ = {isa = PBXFileReference; lastKnownFileType = sourcecode.swift; path = FavoritesController.swift; sourceTree = "<group>"; };
		283E3E2920FA544E00AA1C70 /* ContentDetail.swift */ = {isa = PBXFileReference; lastKnownFileType = sourcecode.swift; path = ContentDetail.swift; sourceTree = "<group>"; };
		2857D9E820FA004100CFE10D /* ResourceId.swift */ = {isa = PBXFileReference; lastKnownFileType = sourcecode.swift; path = ResourceId.swift; sourceTree = "<group>"; };
		2857D9EB20FA02BD00CFE10D /* GetChannelActivityResponse.swift */ = {isa = PBXFileReference; lastKnownFileType = sourcecode.swift; path = GetChannelActivityResponse.swift; sourceTree = "<group>"; };
		2857D9ED20FA032A00CFE10D /* ChannelActivityItem.swift */ = {isa = PBXFileReference; lastKnownFileType = sourcecode.swift; path = ChannelActivityItem.swift; sourceTree = "<group>"; };
		2857D9EF20FA037D00CFE10D /* ChannelActivity.swift */ = {isa = PBXFileReference; lastKnownFileType = sourcecode.swift; path = ChannelActivity.swift; sourceTree = "<group>"; };
		28C1109C20EC0E3B008BDD17 /* WhatsNew.app */ = {isa = PBXFileReference; explicitFileType = wrapper.application; includeInIndex = 0; path = WhatsNew.app; sourceTree = BUILT_PRODUCTS_DIR; };
		28C1109F20EC0E3B008BDD17 /* AppDelegate.swift */ = {isa = PBXFileReference; lastKnownFileType = sourcecode.swift; path = AppDelegate.swift; sourceTree = "<group>"; };
		28C110A120EC0E3B008BDD17 /* LoginController.swift */ = {isa = PBXFileReference; lastKnownFileType = sourcecode.swift; path = LoginController.swift; sourceTree = "<group>"; };
		28C110A420EC0E3B008BDD17 /* Base */ = {isa = PBXFileReference; lastKnownFileType = file.storyboard; name = Base; path = Base.lproj/Main.storyboard; sourceTree = "<group>"; };
		28C110A620EC0E3B008BDD17 /* Assets.xcassets */ = {isa = PBXFileReference; lastKnownFileType = folder.assetcatalog; path = Assets.xcassets; sourceTree = "<group>"; };
		28C110A920EC0E3B008BDD17 /* Base */ = {isa = PBXFileReference; lastKnownFileType = file.storyboard; name = Base; path = Base.lproj/LaunchScreen.storyboard; sourceTree = "<group>"; };
		28C110AB20EC0E3B008BDD17 /* Info.plist */ = {isa = PBXFileReference; lastKnownFileType = text.plist.xml; path = Info.plist; sourceTree = "<group>"; };
		28C110B120EC19B6008BDD17 /* GoogleService-Info.plist */ = {isa = PBXFileReference; lastKnownFileType = text.plist.xml; path = "GoogleService-Info.plist"; sourceTree = "<group>"; };
		28D3827B20EE9F55005425B5 /* GetChannelResponse.swift */ = {isa = PBXFileReference; lastKnownFileType = sourcecode.swift; path = GetChannelResponse.swift; sourceTree = "<group>"; };
		28D3827D20EE9F94005425B5 /* Item.swift */ = {isa = PBXFileReference; lastKnownFileType = sourcecode.swift; path = Item.swift; sourceTree = "<group>"; };
		28D3827F20EE9FC5005425B5 /* Thumbnail.swift */ = {isa = PBXFileReference; lastKnownFileType = sourcecode.swift; name = Thumbnail.swift; path = channel/Thumbnail.swift; sourceTree = "<group>"; };
		28D3828120EEBBAD005425B5 /* ChannelActivitiesController.swift */ = {isa = PBXFileReference; lastKnownFileType = sourcecode.swift; path = ChannelActivitiesController.swift; sourceTree = "<group>"; };
		28D3828320EEC288005425B5 /* ChannelActivityCell.swift */ = {isa = PBXFileReference; lastKnownFileType = sourcecode.swift; path = ChannelActivityCell.swift; sourceTree = "<group>"; };
		28F00EF620EDA8BB00C24B3C /* HomeControllerTableViewCell.swift */ = {isa = PBXFileReference; lastKnownFileType = sourcecode.swift; path = HomeControllerTableViewCell.swift; sourceTree = "<group>"; };
		606129C199A7A35D3E85CA79 /* Pods-WhatsNew.debug.xcconfig */ = {isa = PBXFileReference; includeInIndex = 1; lastKnownFileType = text.xcconfig; name = "Pods-WhatsNew.debug.xcconfig"; path = "Pods/Target Support Files/Pods-WhatsNew/Pods-WhatsNew.debug.xcconfig"; sourceTree = "<group>"; };
		C37E837E9597CF8B95108F0C /* Pods-WhatsNew.release.xcconfig */ = {isa = PBXFileReference; includeInIndex = 1; lastKnownFileType = text.xcconfig; name = "Pods-WhatsNew.release.xcconfig"; path = "Pods/Target Support Files/Pods-WhatsNew/Pods-WhatsNew.release.xcconfig"; sourceTree = "<group>"; };
		D78C9AB8F6777C53E6F04C08 /* Pods_WhatsNew.framework */ = {isa = PBXFileReference; explicitFileType = wrapper.framework; includeInIndex = 0; path = Pods_WhatsNew.framework; sourceTree = BUILT_PRODUCTS_DIR; };
/* End PBXFileReference section */

/* Begin PBXFrameworksBuildPhase section */
		28C1109920EC0E3B008BDD17 /* Frameworks */ = {
			isa = PBXFrameworksBuildPhase;
			buildActionMask = 2147483647;
			files = (
				F2E9EE423BEA9471D6B79721 /* Pods_WhatsNew.framework in Frameworks */,
			);
			runOnlyForDeploymentPostprocessing = 0;
		};
/* End PBXFrameworksBuildPhase section */

/* Begin PBXGroup section */
		2802699320EE9EC000471B19 /* channel */ = {
			isa = PBXGroup;
			children = (
				2802699120EE9E8A00471B19 /* Channel.swift */,
				28D3827B20EE9F55005425B5 /* GetChannelResponse.swift */,
				28D3827D20EE9F94005425B5 /* Item.swift */,
				2857D9E820FA004100CFE10D /* ResourceId.swift */,
			);
			path = channel;
			sourceTree = "<group>";
		};
		281C52F620ED6E5F00179ECA /* models */ = {
			isa = PBXGroup;
			children = (
				28D3827F20EE9FC5005425B5 /* Thumbnail.swift */,
				2857D9EA20FA026F00CFE10D /* channel_activity */,
				2802699320EE9EC000471B19 /* channel */,
			);
			path = models;
			sourceTree = "<group>";
		};
		2857D9EA20FA026F00CFE10D /* channel_activity */ = {
			isa = PBXGroup;
			children = (
				2857D9EB20FA02BD00CFE10D /* GetChannelActivityResponse.swift */,
				2857D9ED20FA032A00CFE10D /* ChannelActivityItem.swift */,
				2857D9EF20FA037D00CFE10D /* ChannelActivity.swift */,
				283E3E2920FA544E00AA1C70 /* ContentDetail.swift */,
			);
			path = channel_activity;
			sourceTree = "<group>";
		};
		28C1109320EC0E3B008BDD17 = {
			isa = PBXGroup;
			children = (
				28C1109E20EC0E3B008BDD17 /* WhatsNew */,
				28C1109D20EC0E3B008BDD17 /* Products */,
				7F5460612909A763C1E0AFE2 /* Pods */,
				38F0F25A9A5AAB857A6D9712 /* Frameworks */,
			);
			sourceTree = "<group>";
		};
		28C1109D20EC0E3B008BDD17 /* Products */ = {
			isa = PBXGroup;
			children = (
				28C1109C20EC0E3B008BDD17 /* WhatsNew.app */,
			);
			name = Products;
			sourceTree = "<group>";
		};
		28C1109E20EC0E3B008BDD17 /* WhatsNew */ = {
			isa = PBXGroup;
			children = (
				28F00EF520EDA88300C24B3C /* cells */,
				281C52F620ED6E5F00179ECA /* models */,
				28C110B220EC1CD7008BDD17 /* controllers */,
				28C1109F20EC0E3B008BDD17 /* AppDelegate.swift */,
				28C110A320EC0E3B008BDD17 /* Main.storyboard */,
				28C110A620EC0E3B008BDD17 /* Assets.xcassets */,
				28C110A820EC0E3B008BDD17 /* LaunchScreen.storyboard */,
				28C110AB20EC0E3B008BDD17 /* Info.plist */,
				28C110B120EC19B6008BDD17 /* GoogleService-Info.plist */,
				281C52F420ED634800179ECA /* Constants.swift */,
			);
			path = WhatsNew;
			sourceTree = "<group>";
		};
		28C110B220EC1CD7008BDD17 /* controllers */ = {
			isa = PBXGroup;
			children = (
				28C110A120EC0E3B008BDD17 /* LoginController.swift */,
				281C52F220ED5C0E00179ECA /* HomeController.swift */,
				281C52F920ED7E2800179ECA /* FavoritesController.swift */,
				28D3828120EEBBAD005425B5 /* ChannelActivitiesController.swift */,
			);
			path = controllers;
			sourceTree = "<group>";
		};
		28F00EF520EDA88300C24B3C /* cells */ = {
			isa = PBXGroup;
			children = (
				28F00EF620EDA8BB00C24B3C /* HomeControllerTableViewCell.swift */,
				28D3828320EEC288005425B5 /* ChannelActivityCell.swift */,
			);
			path = cells;
			sourceTree = "<group>";
		};
		38F0F25A9A5AAB857A6D9712 /* Frameworks */ = {
			isa = PBXGroup;
			children = (
				D78C9AB8F6777C53E6F04C08 /* Pods_WhatsNew.framework */,
			);
			name = Frameworks;
			sourceTree = "<group>";
		};
		7F5460612909A763C1E0AFE2 /* Pods */ = {
			isa = PBXGroup;
			children = (
				606129C199A7A35D3E85CA79 /* Pods-WhatsNew.debug.xcconfig */,
				C37E837E9597CF8B95108F0C /* Pods-WhatsNew.release.xcconfig */,
			);
			name = Pods;
			sourceTree = "<group>";
		};
/* End PBXGroup section */

/* Begin PBXNativeTarget section */
		28C1109B20EC0E3B008BDD17 /* WhatsNew */ = {
			isa = PBXNativeTarget;
			buildConfigurationList = 28C110AE20EC0E3B008BDD17 /* Build configuration list for PBXNativeTarget "WhatsNew" */;
			buildPhases = (
				947A2E2AFD5D07DB6A03B75D /* [CP] Check Pods Manifest.lock */,
				28C1109820EC0E3B008BDD17 /* Sources */,
				28C1109920EC0E3B008BDD17 /* Frameworks */,
				28C1109A20EC0E3B008BDD17 /* Resources */,
				8A964080EFA38EEC56A86EC9 /* [CP] Embed Pods Frameworks */,
				050108FFCA130FC879608E82 /* [CP] Copy Pods Resources */,
			);
			buildRules = (
			);
			dependencies = (
			);
			name = WhatsNew;
			productName = WhatsNew;
			productReference = 28C1109C20EC0E3B008BDD17 /* WhatsNew.app */;
			productType = "com.apple.product-type.application";
		};
/* End PBXNativeTarget section */

/* Begin PBXProject section */
		28C1109420EC0E3B008BDD17 /* Project object */ = {
			isa = PBXProject;
			attributes = {
				LastSwiftUpdateCheck = 0900;
				LastUpgradeCheck = 0900;
				ORGANIZATIONNAME = "Candice Guitton";
				TargetAttributes = {
					28C1109B20EC0E3B008BDD17 = {
						CreatedOnToolsVersion = 9.0;
						ProvisioningStyle = Automatic;
					};
				};
			};
			buildConfigurationList = 28C1109720EC0E3B008BDD17 /* Build configuration list for PBXProject "WhatsNew" */;
			compatibilityVersion = "Xcode 8.0";
			developmentRegion = en;
			hasScannedForEncodings = 0;
			knownRegions = (
				en,
				Base,
			);
			mainGroup = 28C1109320EC0E3B008BDD17;
			productRefGroup = 28C1109D20EC0E3B008BDD17 /* Products */;
			projectDirPath = "";
			projectRoot = "";
			targets = (
				28C1109B20EC0E3B008BDD17 /* WhatsNew */,
			);
		};
/* End PBXProject section */

/* Begin PBXResourcesBuildPhase section */
		28C1109A20EC0E3B008BDD17 /* Resources */ = {
			isa = PBXResourcesBuildPhase;
			buildActionMask = 2147483647;
			files = (
				28C110AA20EC0E3B008BDD17 /* LaunchScreen.storyboard in Resources */,
				28C110A720EC0E3B008BDD17 /* Assets.xcassets in Resources */,
				28C110A520EC0E3B008BDD17 /* Main.storyboard in Resources */,
			);
			runOnlyForDeploymentPostprocessing = 0;
		};
/* End PBXResourcesBuildPhase section */

/* Begin PBXShellScriptBuildPhase section */
		050108FFCA130FC879608E82 /* [CP] Copy Pods Resources */ = {
			isa = PBXShellScriptBuildPhase;
			buildActionMask = 2147483647;
			files = (
			);
			inputPaths = (
				"${SRCROOT}/Pods/Target Support Files/Pods-WhatsNew/Pods-WhatsNew-resources.sh",
				"${PODS_ROOT}/GoogleSignIn/Resources/GoogleSignIn.bundle",
			);
			name = "[CP] Copy Pods Resources";
			outputPaths = (
				"${TARGET_BUILD_DIR}/${UNLOCALIZED_RESOURCES_FOLDER_PATH}/GoogleSignIn.bundle",
			);
			runOnlyForDeploymentPostprocessing = 0;
			shellPath = /bin/sh;
			shellScript = "\"${SRCROOT}/Pods/Target Support Files/Pods-WhatsNew/Pods-WhatsNew-resources.sh\"\n";
			showEnvVarsInLog = 0;
		};
		8A964080EFA38EEC56A86EC9 /* [CP] Embed Pods Frameworks */ = {
			isa = PBXShellScriptBuildPhase;
			buildActionMask = 2147483647;
			files = (
			);
			inputPaths = (
				"${SRCROOT}/Pods/Target Support Files/Pods-WhatsNew/Pods-WhatsNew-frameworks.sh",
				"${BUILT_PRODUCTS_DIR}/GTMOAuth2/GTMOAuth2.framework",
				"${BUILT_PRODUCTS_DIR}/GTMSessionFetcher/GTMSessionFetcher.framework",
				"${BUILT_PRODUCTS_DIR}/GoogleToolboxForMac/GoogleToolboxForMac.framework",
				"${BUILT_PRODUCTS_DIR}/Kingfisher/Kingfisher.framework",
			);
			name = "[CP] Embed Pods Frameworks";
			outputPaths = (
				"${TARGET_BUILD_DIR}/${FRAMEWORKS_FOLDER_PATH}/GTMOAuth2.framework",
				"${TARGET_BUILD_DIR}/${FRAMEWORKS_FOLDER_PATH}/GTMSessionFetcher.framework",
				"${TARGET_BUILD_DIR}/${FRAMEWORKS_FOLDER_PATH}/GoogleToolboxForMac.framework",
				"${TARGET_BUILD_DIR}/${FRAMEWORKS_FOLDER_PATH}/Kingfisher.framework",
			);
			runOnlyForDeploymentPostprocessing = 0;
			shellPath = /bin/sh;
			shellScript = "\"${SRCROOT}/Pods/Target Support Files/Pods-WhatsNew/Pods-WhatsNew-frameworks.sh\"\n";
			showEnvVarsInLog = 0;
		};
		947A2E2AFD5D07DB6A03B75D /* [CP] Check Pods Manifest.lock */ = {
			isa = PBXShellScriptBuildPhase;
			buildActionMask = 2147483647;
			files = (
			);
			inputPaths = (
				"${PODS_PODFILE_DIR_PATH}/Podfile.lock",
				"${PODS_ROOT}/Manifest.lock",
			);
			name = "[CP] Check Pods Manifest.lock";
			outputPaths = (
				"$(DERIVED_FILE_DIR)/Pods-WhatsNew-checkManifestLockResult.txt",
			);
			runOnlyForDeploymentPostprocessing = 0;
			shellPath = /bin/sh;
			shellScript = "diff \"${PODS_PODFILE_DIR_PATH}/Podfile.lock\" \"${PODS_ROOT}/Manifest.lock\" > /dev/null\nif [ $? != 0 ] ; then\n    # print error to STDERR\n    echo \"error: The sandbox is not in sync with the Podfile.lock. Run 'pod install' or update your CocoaPods installation.\" >&2\n    exit 1\nfi\n# This output is used by Xcode 'outputs' to avoid re-running this script phase.\necho \"SUCCESS\" > \"${SCRIPT_OUTPUT_FILE_0}\"\n";
			showEnvVarsInLog = 0;
		};
/* End PBXShellScriptBuildPhase section */

/* Begin PBXSourcesBuildPhase section */
		28C1109820EC0E3B008BDD17 /* Sources */ = {
			isa = PBXSourcesBuildPhase;
			buildActionMask = 2147483647;
			files = (
				28C110A220EC0E3B008BDD17 /* LoginController.swift in Sources */,
				28D3828220EEBBAD005425B5 /* ChannelActivitiesController.swift in Sources */,
				28D3827E20EE9F94005425B5 /* Item.swift in Sources */,
				2857D9E920FA004100CFE10D /* ResourceId.swift in Sources */,
				2802699220EE9E8A00471B19 /* Channel.swift in Sources */,
				28C110A020EC0E3B008BDD17 /* AppDelegate.swift in Sources */,
				2857D9F020FA037D00CFE10D /* ChannelActivity.swift in Sources */,
				28D3827C20EE9F55005425B5 /* GetChannelResponse.swift in Sources */,
				28F00EF720EDA8BB00C24B3C /* HomeControllerTableViewCell.swift in Sources */,
				2857D9EC20FA02BD00CFE10D /* GetChannelActivityResponse.swift in Sources */,
				281C52F320ED5C0E00179ECA /* HomeController.swift in Sources */,
				2857D9EE20FA032A00CFE10D /* ChannelActivityItem.swift in Sources */,
				283E3E2A20FA544E00AA1C70 /* ContentDetail.swift in Sources */,
				281C52F520ED634800179ECA /* Constants.swift in Sources */,
				28D3828020EE9FC5005425B5 /* Thumbnail.swift in Sources */,
				28D3828420EEC288005425B5 /* ChannelActivityCell.swift in Sources */,
				281C52FA20ED7E2800179ECA /* FavoritesController.swift in Sources */,
			);
			runOnlyForDeploymentPostprocessing = 0;
		};
/* End PBXSourcesBuildPhase section */

/* Begin PBXVariantGroup section */
		28C110A320EC0E3B008BDD17 /* Main.storyboard */ = {
			isa = PBXVariantGroup;
			children = (
				28C110A420EC0E3B008BDD17 /* Base */,
			);
			name = Main.storyboard;
			sourceTree = "<group>";
		};
		28C110A820EC0E3B008BDD17 /* LaunchScreen.storyboard */ = {
			isa = PBXVariantGroup;
			children = (
				28C110A920EC0E3B008BDD17 /* Base */,
			);
			name = LaunchScreen.storyboard;
			sourceTree = "<group>";
		};
/* End PBXVariantGroup section */

/* Begin XCBuildConfiguration section */
		28C110AC20EC0E3B008BDD17 /* Debug */ = {
			isa = XCBuildConfiguration;
			buildSettings = {
				ALWAYS_SEARCH_USER_PATHS = NO;
				CLANG_ANALYZER_NONNULL = YES;
				CLANG_ANALYZER_NUMBER_OBJECT_CONVERSION = YES_AGGRESSIVE;
				CLANG_CXX_LANGUAGE_STANDARD = "gnu++14";
				CLANG_CXX_LIBRARY = "libc++";
				CLANG_ENABLE_MODULES = YES;
				CLANG_ENABLE_OBJC_ARC = YES;
				CLANG_WARN_BLOCK_CAPTURE_AUTORELEASING = YES;
				CLANG_WARN_BOOL_CONVERSION = YES;
				CLANG_WARN_COMMA = YES;
				CLANG_WARN_CONSTANT_CONVERSION = YES;
				CLANG_WARN_DIRECT_OBJC_ISA_USAGE = YES_ERROR;
				CLANG_WARN_DOCUMENTATION_COMMENTS = YES;
				CLANG_WARN_EMPTY_BODY = YES;
				CLANG_WARN_ENUM_CONVERSION = YES;
				CLANG_WARN_INFINITE_RECURSION = YES;
				CLANG_WARN_INT_CONVERSION = YES;
				CLANG_WARN_NON_LITERAL_NULL_CONVERSION = YES;
				CLANG_WARN_OBJC_LITERAL_CONVERSION = YES;
				CLANG_WARN_OBJC_ROOT_CLASS = YES_ERROR;
				CLANG_WARN_RANGE_LOOP_ANALYSIS = YES;
				CLANG_WARN_STRICT_PROTOTYPES = YES;
				CLANG_WARN_SUSPICIOUS_MOVE = YES;
				CLANG_WARN_UNGUARDED_AVAILABILITY = YES_AGGRESSIVE;
				CLANG_WARN_UNREACHABLE_CODE = YES;
				CLANG_WARN__DUPLICATE_METHOD_MATCH = YES;
				CODE_SIGN_IDENTITY = "iPhone Developer";
				COPY_PHASE_STRIP = NO;
				DEBUG_INFORMATION_FORMAT = dwarf;
				ENABLE_STRICT_OBJC_MSGSEND = YES;
				ENABLE_TESTABILITY = YES;
				GCC_C_LANGUAGE_STANDARD = gnu11;
				GCC_DYNAMIC_NO_PIC = NO;
				GCC_NO_COMMON_BLOCKS = YES;
				GCC_OPTIMIZATION_LEVEL = 0;
				GCC_PREPROCESSOR_DEFINITIONS = (
					"DEBUG=1",
					"$(inherited)",
				);
				GCC_WARN_64_TO_32_BIT_CONVERSION = YES;
				GCC_WARN_ABOUT_RETURN_TYPE = YES_ERROR;
				GCC_WARN_UNDECLARED_SELECTOR = YES;
				GCC_WARN_UNINITIALIZED_AUTOS = YES_AGGRESSIVE;
				GCC_WARN_UNUSED_FUNCTION = YES;
				GCC_WARN_UNUSED_VARIABLE = YES;
				IPHONEOS_DEPLOYMENT_TARGET = 11.0;
				MTL_ENABLE_DEBUG_INFO = YES;
				ONLY_ACTIVE_ARCH = YES;
				SDKROOT = iphoneos;
				SWIFT_ACTIVE_COMPILATION_CONDITIONS = DEBUG;
				SWIFT_OPTIMIZATION_LEVEL = "-Onone";
			};
			name = Debug;
		};
		28C110AD20EC0E3B008BDD17 /* Release */ = {
			isa = XCBuildConfiguration;
			buildSettings = {
				ALWAYS_SEARCH_USER_PATHS = NO;
				CLANG_ANALYZER_NONNULL = YES;
				CLANG_ANALYZER_NUMBER_OBJECT_CONVERSION = YES_AGGRESSIVE;
				CLANG_CXX_LANGUAGE_STANDARD = "gnu++14";
				CLANG_CXX_LIBRARY = "libc++";
				CLANG_ENABLE_MODULES = YES;
				CLANG_ENABLE_OBJC_ARC = YES;
				CLANG_WARN_BLOCK_CAPTURE_AUTORELEASING = YES;
				CLANG_WARN_BOOL_CONVERSION = YES;
				CLANG_WARN_COMMA = YES;
				CLANG_WARN_CONSTANT_CONVERSION = YES;
				CLANG_WARN_DIRECT_OBJC_ISA_USAGE = YES_ERROR;
				CLANG_WARN_DOCUMENTATION_COMMENTS = YES;
				CLANG_WARN_EMPTY_BODY = YES;
				CLANG_WARN_ENUM_CONVERSION = YES;
				CLANG_WARN_INFINITE_RECURSION = YES;
				CLANG_WARN_INT_CONVERSION = YES;
				CLANG_WARN_NON_LITERAL_NULL_CONVERSION = YES;
				CLANG_WARN_OBJC_LITERAL_CONVERSION = YES;
				CLANG_WARN_OBJC_ROOT_CLASS = YES_ERROR;
				CLANG_WARN_RANGE_LOOP_ANALYSIS = YES;
				CLANG_WARN_STRICT_PROTOTYPES = YES;
				CLANG_WARN_SUSPICIOUS_MOVE = YES;
				CLANG_WARN_UNGUARDED_AVAILABILITY = YES_AGGRESSIVE;
				CLANG_WARN_UNREACHABLE_CODE = YES;
				CLANG_WARN__DUPLICATE_METHOD_MATCH = YES;
				CODE_SIGN_IDENTITY = "iPhone Developer";
				COPY_PHASE_STRIP = NO;
				DEBUG_INFORMATION_FORMAT = "dwarf-with-dsym";
				ENABLE_NS_ASSERTIONS = NO;
				ENABLE_STRICT_OBJC_MSGSEND = YES;
				GCC_C_LANGUAGE_STANDARD = gnu11;
				GCC_NO_COMMON_BLOCKS = YES;
				GCC_WARN_64_TO_32_BIT_CONVERSION = YES;
				GCC_WARN_ABOUT_RETURN_TYPE = YES_ERROR;
				GCC_WARN_UNDECLARED_SELECTOR = YES;
				GCC_WARN_UNINITIALIZED_AUTOS = YES_AGGRESSIVE;
				GCC_WARN_UNUSED_FUNCTION = YES;
				GCC_WARN_UNUSED_VARIABLE = YES;
				IPHONEOS_DEPLOYMENT_TARGET = 11.0;
				MTL_ENABLE_DEBUG_INFO = NO;
				SDKROOT = iphoneos;
				SWIFT_OPTIMIZATION_LEVEL = "-Owholemodule";
				VALIDATE_PRODUCT = YES;
			};
			name = Release;
		};
		28C110AF20EC0E3B008BDD17 /* Debug */ = {
			isa = XCBuildConfiguration;
			baseConfigurationReference = 606129C199A7A35D3E85CA79 /* Pods-WhatsNew.debug.xcconfig */;
			buildSettings = {
				ASSETCATALOG_COMPILER_APPICON_NAME = AppIcon;
				CODE_SIGN_STYLE = Automatic;
				INFOPLIST_FILE = WhatsNew/Info.plist;
				LD_RUNPATH_SEARCH_PATHS = "$(inherited) @executable_path/Frameworks";
				PRODUCT_BUNDLE_IDENTIFIER = fr.candice.guitton.WhatsNew;
				PRODUCT_NAME = "$(TARGET_NAME)";
				SWIFT_VERSION = 4.0;
				TARGETED_DEVICE_FAMILY = "1,2";
			};
			name = Debug;
		};
		28C110B020EC0E3B008BDD17 /* Release */ = {
			isa = XCBuildConfiguration;
			baseConfigurationReference = C37E837E9597CF8B95108F0C /* Pods-WhatsNew.release.xcconfig */;
			buildSettings = {
				ASSETCATALOG_COMPILER_APPICON_NAME = AppIcon;
				CODE_SIGN_STYLE = Automatic;
				INFOPLIST_FILE = WhatsNew/Info.plist;
				LD_RUNPATH_SEARCH_PATHS = "$(inherited) @executable_path/Frameworks";
				PRODUCT_BUNDLE_IDENTIFIER = fr.candice.guitton.WhatsNew;
				PRODUCT_NAME = "$(TARGET_NAME)";
				SWIFT_VERSION = 4.0;
				TARGETED_DEVICE_FAMILY = "1,2";
			};
			name = Release;
		};
/* End XCBuildConfiguration section */

/* Begin XCConfigurationList section */
		28C1109720EC0E3B008BDD17 /* Build configuration list for PBXProject "WhatsNew" */ = {
			isa = XCConfigurationList;
			buildConfigurations = (
				28C110AC20EC0E3B008BDD17 /* Debug */,
				28C110AD20EC0E3B008BDD17 /* Release */,
			);
			defaultConfigurationIsVisible = 0;
			defaultConfigurationName = Release;
		};
		28C110AE20EC0E3B008BDD17 /* Build configuration list for PBXNativeTarget "WhatsNew" */ = {
			isa = XCConfigurationList;
			buildConfigurations = (
				28C110AF20EC0E3B008BDD17 /* Debug */,
				28C110B020EC0E3B008BDD17 /* Release */,
			);
			defaultConfigurationIsVisible = 0;
			defaultConfigurationName = Release;
		};
/* End XCConfigurationList section */
	};
	rootObject = 28C1109420EC0E3B008BDD17 /* Project object */;
}
